// !$*UTF8*$!
{
	archiveVersion = 1;
	classes = {
	};
	objectVersion = 56;
	objects = {

/* Begin PBXBuildFile section */
		123E8301299771B00006E760 /* GFTitleLabel.swift in Sources */ = {isa = PBXBuildFile; fileRef = 123E8300299771B00006E760 /* GFTitleLabel.swift */; };
		123E83032997731A0006E760 /* GFBodyLabel.swift in Sources */ = {isa = PBXBuildFile; fileRef = 123E83022997731A0006E760 /* GFBodyLabel.swift */; };
		123E8305299773A90006E760 /* GFAlertVC.swift in Sources */ = {isa = PBXBuildFile; fileRef = 123E8304299773A90006E760 /* GFAlertVC.swift */; };
		123E8307299778EA0006E760 /* UIViewController+Ext.swift in Sources */ = {isa = PBXBuildFile; fileRef = 123E8306299778EA0006E760 /* UIViewController+Ext.swift */; };
		123E830F29977FA10006E760 /* GFAlertContainerView.swift in Sources */ = {isa = PBXBuildFile; fileRef = 123E830E29977FA10006E760 /* GFAlertContainerView.swift */; };
		1259F61729978C0A00C8F2F0 /* Follower.swift in Sources */ = {isa = PBXBuildFile; fileRef = 1259F61629978C0A00C8F2F0 /* Follower.swift */; };
		1259F61929978CA200C8F2F0 /* User.swift in Sources */ = {isa = PBXBuildFile; fileRef = 1259F61829978CA200C8F2F0 /* User.swift */; };
		1259F61C2997903700C8F2F0 /* NetworkProvider.swift in Sources */ = {isa = PBXBuildFile; fileRef = 1259F61B2997903700C8F2F0 /* NetworkProvider.swift */; };
		1259F61F2997BD8F00C8F2F0 /* GFError.swift in Sources */ = {isa = PBXBuildFile; fileRef = 1259F61E2997BD8F00C8F2F0 /* GFError.swift */; };
		1259F6222997C30300C8F2F0 /* FollowerCell.swift in Sources */ = {isa = PBXBuildFile; fileRef = 1259F6212997C30300C8F2F0 /* FollowerCell.swift */; };
		1259F6242997C35F00C8F2F0 /* GFAvatarImageView.swift in Sources */ = {isa = PBXBuildFile; fileRef = 1259F6232997C35F00C8F2F0 /* GFAvatarImageView.swift */; };
		1274BD4629994A5B003DD3E9 /* GFEmptyStateView.swift in Sources */ = {isa = PBXBuildFile; fileRef = 1274BD4529994A5B003DD3E9 /* GFEmptyStateView.swift */; };
		1281F8C6299ABB2A00979674 /* PersistenceProvider.swift in Sources */ = {isa = PBXBuildFile; fileRef = 1281F8C5299ABB2A00979674 /* PersistenceProvider.swift */; };
		1282CC52299A41BE0065EA97 /* GFItemInfoView.swift in Sources */ = {isa = PBXBuildFile; fileRef = 1282CC51299A41BE0065EA97 /* GFItemInfoView.swift */; };
		1282CC54299A4DDB0065EA97 /* GFItemInfoVC.swift in Sources */ = {isa = PBXBuildFile; fileRef = 1282CC53299A4DDB0065EA97 /* GFItemInfoVC.swift */; };
		1282CC56299A504B0065EA97 /* GFRepoItemVC.swift in Sources */ = {isa = PBXBuildFile; fileRef = 1282CC55299A504B0065EA97 /* GFRepoItemVC.swift */; };
		1282CC58299A51DD0065EA97 /* GFFollowerItemVC.swift in Sources */ = {isa = PBXBuildFile; fileRef = 1282CC57299A51DD0065EA97 /* GFFollowerItemVC.swift */; };
		1282CC5B299A744D0065EA97 /* Date+Ext.swift in Sources */ = {isa = PBXBuildFile; fileRef = 1282CC5A299A744D0065EA97 /* Date+Ext.swift */; };
		12AA89CE2996C11900C4E62A /* FollowerListVC.swift in Sources */ = {isa = PBXBuildFile; fileRef = 12AA89CD2996C11900C4E62A /* FollowerListVC.swift */; };
		12B5884F2999FD8B004790D9 /* GFUserInfoHeaderVC.swift in Sources */ = {isa = PBXBuildFile; fileRef = 12B5884E2999FD8B004790D9 /* GFUserInfoHeaderVC.swift */; };
		12B588512999FDDD004790D9 /* GFSecondaryTitleLabel.swift in Sources */ = {isa = PBXBuildFile; fileRef = 12B588502999FDDD004790D9 /* GFSecondaryTitleLabel.swift */; };
		12B58853299A0435004790D9 /* Constants.swift in Sources */ = {isa = PBXBuildFile; fileRef = 12B58852299A0435004790D9 /* Constants.swift */; };
		12B6E79B299B4BB90003615D /* FavoriteCell.swift in Sources */ = {isa = PBXBuildFile; fileRef = 12B6E79A299B4BB90003615D /* FavoriteCell.swift */; };
		12B6E79E299B5A130003615D /* GFTabBarController.swift in Sources */ = {isa = PBXBuildFile; fileRef = 12B6E79D299B5A130003615D /* GFTabBarController.swift */; };
		12B6E7A0299BA54B0003615D /* GFDataLoadingVC.swift in Sources */ = {isa = PBXBuildFile; fileRef = 12B6E79F299BA54B0003615D /* GFDataLoadingVC.swift */; };
		12C938CC2998C57D001C2651 /* UIHelper.swift in Sources */ = {isa = PBXBuildFile; fileRef = 12C938CB2998C57D001C2651 /* UIHelper.swift */; };
		12DB76F329996A1D0091C024 /* UserInfoVC.swift in Sources */ = {isa = PBXBuildFile; fileRef = 12DB76F229996A1D0091C024 /* UserInfoVC.swift */; };
		12F85E67299668DB00FBBB8C /* AppDelegate.swift in Sources */ = {isa = PBXBuildFile; fileRef = 12F85E66299668DB00FBBB8C /* AppDelegate.swift */; };
		12F85E69299668DB00FBBB8C /* SceneDelegate.swift in Sources */ = {isa = PBXBuildFile; fileRef = 12F85E68299668DB00FBBB8C /* SceneDelegate.swift */; };
		12F85E70299668DC00FBBB8C /* Assets.xcassets in Resources */ = {isa = PBXBuildFile; fileRef = 12F85E6F299668DC00FBBB8C /* Assets.xcassets */; };
		12F85E73299668DC00FBBB8C /* LaunchScreen.storyboard in Resources */ = {isa = PBXBuildFile; fileRef = 12F85E71299668DC00FBBB8C /* LaunchScreen.storyboard */; };
		12F85E7B2996804A00FBBB8C /* SearchVC.swift in Sources */ = {isa = PBXBuildFile; fileRef = 12F85E7A2996804A00FBBB8C /* SearchVC.swift */; };
		12F85E7D2996808F00FBBB8C /* FavoritesListVC.swift in Sources */ = {isa = PBXBuildFile; fileRef = 12F85E7C2996808F00FBBB8C /* FavoritesListVC.swift */; };
		12F85E7F2996ADF600FBBB8C /* GFButton.swift in Sources */ = {isa = PBXBuildFile; fileRef = 12F85E7E2996ADF600FBBB8C /* GFButton.swift */; };
		12F85E812996B0C900FBBB8C /* GFTextField.swift in Sources */ = {isa = PBXBuildFile; fileRef = 12F85E802996B0C900FBBB8C /* GFTextField.swift */; };
/* End PBXBuildFile section */

/* Begin PBXFileReference section */
		123E8300299771B00006E760 /* GFTitleLabel.swift */ = {isa = PBXFileReference; lastKnownFileType = sourcecode.swift; path = GFTitleLabel.swift; sourceTree = "<group>"; };
		123E83022997731A0006E760 /* GFBodyLabel.swift */ = {isa = PBXFileReference; lastKnownFileType = sourcecode.swift; path = GFBodyLabel.swift; sourceTree = "<group>"; };
		123E8304299773A90006E760 /* GFAlertVC.swift */ = {isa = PBXFileReference; lastKnownFileType = sourcecode.swift; path = GFAlertVC.swift; sourceTree = "<group>"; };
		123E8306299778EA0006E760 /* UIViewController+Ext.swift */ = {isa = PBXFileReference; lastKnownFileType = sourcecode.swift; path = "UIViewController+Ext.swift"; sourceTree = "<group>"; };
		123E830E29977FA10006E760 /* GFAlertContainerView.swift */ = {isa = PBXFileReference; lastKnownFileType = sourcecode.swift; path = GFAlertContainerView.swift; sourceTree = "<group>"; };
		1259F61629978C0A00C8F2F0 /* Follower.swift */ = {isa = PBXFileReference; lastKnownFileType = sourcecode.swift; path = Follower.swift; sourceTree = "<group>"; };
		1259F61829978CA200C8F2F0 /* User.swift */ = {isa = PBXFileReference; lastKnownFileType = sourcecode.swift; path = User.swift; sourceTree = "<group>"; };
		1259F61B2997903700C8F2F0 /* NetworkProvider.swift */ = {isa = PBXFileReference; lastKnownFileType = sourcecode.swift; path = NetworkProvider.swift; sourceTree = "<group>"; };
		1259F61E2997BD8F00C8F2F0 /* GFError.swift */ = {isa = PBXFileReference; lastKnownFileType = sourcecode.swift; path = GFError.swift; sourceTree = "<group>"; };
		1259F6212997C30300C8F2F0 /* FollowerCell.swift */ = {isa = PBXFileReference; lastKnownFileType = sourcecode.swift; path = FollowerCell.swift; sourceTree = "<group>"; };
		1259F6232997C35F00C8F2F0 /* GFAvatarImageView.swift */ = {isa = PBXFileReference; lastKnownFileType = sourcecode.swift; path = GFAvatarImageView.swift; sourceTree = "<group>"; };
		1274BD4529994A5B003DD3E9 /* GFEmptyStateView.swift */ = {isa = PBXFileReference; lastKnownFileType = sourcecode.swift; path = GFEmptyStateView.swift; sourceTree = "<group>"; };
		1281F8C5299ABB2A00979674 /* PersistenceProvider.swift */ = {isa = PBXFileReference; lastKnownFileType = sourcecode.swift; path = PersistenceProvider.swift; sourceTree = "<group>"; };
		1282CC51299A41BE0065EA97 /* GFItemInfoView.swift */ = {isa = PBXFileReference; lastKnownFileType = sourcecode.swift; path = GFItemInfoView.swift; sourceTree = "<group>"; };
		1282CC53299A4DDB0065EA97 /* GFItemInfoVC.swift */ = {isa = PBXFileReference; lastKnownFileType = sourcecode.swift; path = GFItemInfoVC.swift; sourceTree = "<group>"; };
		1282CC55299A504B0065EA97 /* GFRepoItemVC.swift */ = {isa = PBXFileReference; lastKnownFileType = sourcecode.swift; path = GFRepoItemVC.swift; sourceTree = "<group>"; };
		1282CC57299A51DD0065EA97 /* GFFollowerItemVC.swift */ = {isa = PBXFileReference; lastKnownFileType = sourcecode.swift; path = GFFollowerItemVC.swift; sourceTree = "<group>"; };
		1282CC5A299A744D0065EA97 /* Date+Ext.swift */ = {isa = PBXFileReference; lastKnownFileType = sourcecode.swift; path = "Date+Ext.swift"; sourceTree = "<group>"; };
		12AA89CD2996C11900C4E62A /* FollowerListVC.swift */ = {isa = PBXFileReference; lastKnownFileType = sourcecode.swift; path = FollowerListVC.swift; sourceTree = "<group>"; };
		12B5884E2999FD8B004790D9 /* GFUserInfoHeaderVC.swift */ = {isa = PBXFileReference; lastKnownFileType = sourcecode.swift; path = GFUserInfoHeaderVC.swift; sourceTree = "<group>"; };
		12B588502999FDDD004790D9 /* GFSecondaryTitleLabel.swift */ = {isa = PBXFileReference; lastKnownFileType = sourcecode.swift; path = GFSecondaryTitleLabel.swift; sourceTree = "<group>"; };
		12B58852299A0435004790D9 /* Constants.swift */ = {isa = PBXFileReference; lastKnownFileType = sourcecode.swift; path = Constants.swift; sourceTree = "<group>"; };
		12B6E79A299B4BB90003615D /* FavoriteCell.swift */ = {isa = PBXFileReference; lastKnownFileType = sourcecode.swift; path = FavoriteCell.swift; sourceTree = "<group>"; };
		12B6E79D299B5A130003615D /* GFTabBarController.swift */ = {isa = PBXFileReference; lastKnownFileType = sourcecode.swift; path = GFTabBarController.swift; sourceTree = "<group>"; };
		12B6E79F299BA54B0003615D /* GFDataLoadingVC.swift */ = {isa = PBXFileReference; lastKnownFileType = sourcecode.swift; path = GFDataLoadingVC.swift; sourceTree = "<group>"; };
		12C938CB2998C57D001C2651 /* UIHelper.swift */ = {isa = PBXFileReference; lastKnownFileType = sourcecode.swift; path = UIHelper.swift; sourceTree = "<group>"; };
		12DB76F229996A1D0091C024 /* UserInfoVC.swift */ = {isa = PBXFileReference; lastKnownFileType = sourcecode.swift; path = UserInfoVC.swift; sourceTree = "<group>"; };
		12F85E63299668DB00FBBB8C /* GHFollowers.app */ = {isa = PBXFileReference; explicitFileType = wrapper.application; includeInIndex = 0; path = GHFollowers.app; sourceTree = BUILT_PRODUCTS_DIR; };
		12F85E66299668DB00FBBB8C /* AppDelegate.swift */ = {isa = PBXFileReference; lastKnownFileType = sourcecode.swift; path = AppDelegate.swift; sourceTree = "<group>"; };
		12F85E68299668DB00FBBB8C /* SceneDelegate.swift */ = {isa = PBXFileReference; lastKnownFileType = sourcecode.swift; path = SceneDelegate.swift; sourceTree = "<group>"; };
		12F85E6F299668DC00FBBB8C /* Assets.xcassets */ = {isa = PBXFileReference; lastKnownFileType = folder.assetcatalog; path = Assets.xcassets; sourceTree = "<group>"; };
		12F85E72299668DC00FBBB8C /* Base */ = {isa = PBXFileReference; lastKnownFileType = file.storyboard; name = Base; path = Base.lproj/LaunchScreen.storyboard; sourceTree = "<group>"; };
		12F85E74299668DC00FBBB8C /* Info.plist */ = {isa = PBXFileReference; lastKnownFileType = text.plist.xml; path = Info.plist; sourceTree = "<group>"; };
		12F85E7A2996804A00FBBB8C /* SearchVC.swift */ = {isa = PBXFileReference; lastKnownFileType = sourcecode.swift; path = SearchVC.swift; sourceTree = "<group>"; };
		12F85E7C2996808F00FBBB8C /* FavoritesListVC.swift */ = {isa = PBXFileReference; lastKnownFileType = sourcecode.swift; path = FavoritesListVC.swift; sourceTree = "<group>"; };
		12F85E7E2996ADF600FBBB8C /* GFButton.swift */ = {isa = PBXFileReference; lastKnownFileType = sourcecode.swift; path = GFButton.swift; sourceTree = "<group>"; };
		12F85E802996B0C900FBBB8C /* GFTextField.swift */ = {isa = PBXFileReference; lastKnownFileType = sourcecode.swift; path = GFTextField.swift; sourceTree = "<group>"; };
/* End PBXFileReference section */

/* Begin PBXFrameworksBuildPhase section */
		12F85E60299668DB00FBBB8C /* Frameworks */ = {
			isa = PBXFrameworksBuildPhase;
			buildActionMask = 2147483647;
			files = (
			);
			runOnlyForDeploymentPostprocessing = 0;
		};
/* End PBXFrameworksBuildPhase section */

/* Begin PBXGroup section */
		123E830829977DE70006E760 /* Screens */ = {
			isa = PBXGroup;
			children = (
				12F85E7C2996808F00FBBB8C /* FavoritesListVC.swift */,
				12AA89CD2996C11900C4E62A /* FollowerListVC.swift */,
				12F85E7A2996804A00FBBB8C /* SearchVC.swift */,
				12DB76F229996A1D0091C024 /* UserInfoVC.swift */,
			);
			path = Screens;
			sourceTree = "<group>";
		};
		123E830929977E080006E760 /* Extensions */ = {
			isa = PBXGroup;
			children = (
				123E8306299778EA0006E760 /* UIViewController+Ext.swift */,
				1282CC5A299A744D0065EA97 /* Date+Ext.swift */,
			);
			path = Extensions;
			sourceTree = "<group>";
		};
		123E830A29977E130006E760 /* CustomViews */ = {
			isa = PBXGroup;
			children = (
				12B6E79C299B59FE0003615D /* TabBarControllers */,
				1274BD44299949EA003DD3E9 /* Labels */,
				1274BD43299949D0003DD3E9 /* ViewControllers */,
				1274BD42299949C8003DD3E9 /* ImageViews */,
				1274BD41299949B0003DD3E9 /* TextFields */,
				1274BD40299949AB003DD3E9 /* Views */,
				1274BD3F29994993003DD3E9 /* Buttons */,
				1259F6202997C2E500C8F2F0 /* Cells */,
			);
			path = CustomViews;
			sourceTree = "<group>";
		};
		123E830B29977E910006E760 /* Support */ = {
			isa = PBXGroup;
			children = (
				12F85E68299668DB00FBBB8C /* SceneDelegate.swift */,
				12F85E66299668DB00FBBB8C /* AppDelegate.swift */,
				12F85E6F299668DC00FBBB8C /* Assets.xcassets */,
				12F85E71299668DC00FBBB8C /* LaunchScreen.storyboard */,
			);
			path = Support;
			sourceTree = "<group>";
		};
		1259F61529978BFF00C8F2F0 /* Model */ = {
			isa = PBXGroup;
			children = (
				1259F61629978C0A00C8F2F0 /* Follower.swift */,
				1259F61829978CA200C8F2F0 /* User.swift */,
			);
			path = Model;
			sourceTree = "<group>";
		};
		1259F61A2997902A00C8F2F0 /* Providers */ = {
			isa = PBXGroup;
			children = (
				1259F61B2997903700C8F2F0 /* NetworkProvider.swift */,
				1281F8C5299ABB2A00979674 /* PersistenceProvider.swift */,
			);
			path = Providers;
			sourceTree = "<group>";
		};
		1259F61D2997BD7D00C8F2F0 /* Utilities */ = {
			isa = PBXGroup;
			children = (
				1259F61E2997BD8F00C8F2F0 /* GFError.swift */,
				12C938CB2998C57D001C2651 /* UIHelper.swift */,
				12B58852299A0435004790D9 /* Constants.swift */,
			);
			path = Utilities;
			sourceTree = "<group>";
		};
		1259F6202997C2E500C8F2F0 /* Cells */ = {
			isa = PBXGroup;
			children = (
				1259F6212997C30300C8F2F0 /* FollowerCell.swift */,
				12B6E79A299B4BB90003615D /* FavoriteCell.swift */,
			);
			path = Cells;
			sourceTree = "<group>";
		};
		1274BD3F29994993003DD3E9 /* Buttons */ = {
			isa = PBXGroup;
			children = (
				12F85E7E2996ADF600FBBB8C /* GFButton.swift */,
			);
			path = Buttons;
			sourceTree = "<group>";
		};
		1274BD40299949AB003DD3E9 /* Views */ = {
			isa = PBXGroup;
			children = (
				123E830E29977FA10006E760 /* GFAlertContainerView.swift */,
				1274BD4529994A5B003DD3E9 /* GFEmptyStateView.swift */,
				1282CC51299A41BE0065EA97 /* GFItemInfoView.swift */,
			);
			path = Views;
			sourceTree = "<group>";
		};
		1274BD41299949B0003DD3E9 /* TextFields */ = {
			isa = PBXGroup;
			children = (
				12F85E802996B0C900FBBB8C /* GFTextField.swift */,
			);
			path = TextFields;
			sourceTree = "<group>";
		};
		1274BD42299949C8003DD3E9 /* ImageViews */ = {
			isa = PBXGroup;
			children = (
				1259F6232997C35F00C8F2F0 /* GFAvatarImageView.swift */,
			);
			path = ImageViews;
			sourceTree = "<group>";
		};
		1274BD43299949D0003DD3E9 /* ViewControllers */ = {
			isa = PBXGroup;
			children = (
				1282CC59299A524A0065EA97 /* ItemInfoVCs */,
				123E8304299773A90006E760 /* GFAlertVC.swift */,
				12B5884E2999FD8B004790D9 /* GFUserInfoHeaderVC.swift */,
				12B6E79F299BA54B0003615D /* GFDataLoadingVC.swift */,
			);
			path = ViewControllers;
			sourceTree = "<group>";
		};
		1274BD44299949EA003DD3E9 /* Labels */ = {
			isa = PBXGroup;
			children = (
				123E83022997731A0006E760 /* GFBodyLabel.swift */,
				123E8300299771B00006E760 /* GFTitleLabel.swift */,
				12B588502999FDDD004790D9 /* GFSecondaryTitleLabel.swift */,
			);
			path = Labels;
			sourceTree = "<group>";
		};
		1282CC59299A524A0065EA97 /* ItemInfoVCs */ = {
			isa = PBXGroup;
			children = (
				1282CC55299A504B0065EA97 /* GFRepoItemVC.swift */,
				1282CC53299A4DDB0065EA97 /* GFItemInfoVC.swift */,
				1282CC57299A51DD0065EA97 /* GFFollowerItemVC.swift */,
			);
			path = ItemInfoVCs;
			sourceTree = "<group>";
		};
		12B6E79C299B59FE0003615D /* TabBarControllers */ = {
			isa = PBXGroup;
			children = (
				12B6E79D299B5A130003615D /* GFTabBarController.swift */,
			);
			path = TabBarControllers;
			sourceTree = "<group>";
		};
		12F85E5A299668DB00FBBB8C = {
			isa = PBXGroup;
			children = (
				12F85E65299668DB00FBBB8C /* GHFollowers */,
				12F85E64299668DB00FBBB8C /* Products */,
			);
			sourceTree = "<group>";
		};
		12F85E64299668DB00FBBB8C /* Products */ = {
			isa = PBXGroup;
			children = (
				12F85E63299668DB00FBBB8C /* GHFollowers.app */,
			);
			name = Products;
			sourceTree = "<group>";
		};
		12F85E65299668DB00FBBB8C /* GHFollowers */ = {
			isa = PBXGroup;
			children = (
				1259F61D2997BD7D00C8F2F0 /* Utilities */,
				1259F61A2997902A00C8F2F0 /* Providers */,
				1259F61529978BFF00C8F2F0 /* Model */,
				123E830B29977E910006E760 /* Support */,
				123E830A29977E130006E760 /* CustomViews */,
				123E830929977E080006E760 /* Extensions */,
				123E830829977DE70006E760 /* Screens */,
				12F85E74299668DC00FBBB8C /* Info.plist */,
			);
			path = GHFollowers;
			sourceTree = "<group>";
		};
/* End PBXGroup section */

/* Begin PBXNativeTarget section */
		12F85E62299668DB00FBBB8C /* GHFollowers */ = {
			isa = PBXNativeTarget;
			buildConfigurationList = 12F85E77299668DC00FBBB8C /* Build configuration list for PBXNativeTarget "GHFollowers" */;
			buildPhases = (
				12F85E5F299668DB00FBBB8C /* Sources */,
				12F85E60299668DB00FBBB8C /* Frameworks */,
				12F85E61299668DB00FBBB8C /* Resources */,
			);
			buildRules = (
			);
			dependencies = (
			);
			name = GHFollowers;
			productName = GHFollowers;
			productReference = 12F85E63299668DB00FBBB8C /* GHFollowers.app */;
			productType = "com.apple.product-type.application";
		};
/* End PBXNativeTarget section */

/* Begin PBXProject section */
		12F85E5B299668DB00FBBB8C /* Project object */ = {
			isa = PBXProject;
			attributes = {
				BuildIndependentTargetsInParallel = 1;
				LastSwiftUpdateCheck = 1420;
				LastUpgradeCheck = 1420;
				TargetAttributes = {
					12F85E62299668DB00FBBB8C = {
						CreatedOnToolsVersion = 14.2;
					};
				};
			};
			buildConfigurationList = 12F85E5E299668DB00FBBB8C /* Build configuration list for PBXProject "GHFollowers" */;
			compatibilityVersion = "Xcode 14.0";
			developmentRegion = en;
			hasScannedForEncodings = 0;
			knownRegions = (
				en,
				Base,
			);
			mainGroup = 12F85E5A299668DB00FBBB8C;
			productRefGroup = 12F85E64299668DB00FBBB8C /* Products */;
			projectDirPath = "";
			projectRoot = "";
			targets = (
				12F85E62299668DB00FBBB8C /* GHFollowers */,
			);
		};
/* End PBXProject section */

/* Begin PBXResourcesBuildPhase section */
		12F85E61299668DB00FBBB8C /* Resources */ = {
			isa = PBXResourcesBuildPhase;
			buildActionMask = 2147483647;
			files = (
				12F85E73299668DC00FBBB8C /* LaunchScreen.storyboard in Resources */,
				12F85E70299668DC00FBBB8C /* Assets.xcassets in Resources */,
			);
			runOnlyForDeploymentPostprocessing = 0;
		};
/* End PBXResourcesBuildPhase section */

/* Begin PBXSourcesBuildPhase section */
		12F85E5F299668DB00FBBB8C /* Sources */ = {
			isa = PBXSourcesBuildPhase;
			buildActionMask = 2147483647;
			files = (
				123E830F29977FA10006E760 /* GFAlertContainerView.swift in Sources */,
				1259F61F2997BD8F00C8F2F0 /* GFError.swift in Sources */,
				12F85E812996B0C900FBBB8C /* GFTextField.swift in Sources */,
				12B5884F2999FD8B004790D9 /* GFUserInfoHeaderVC.swift in Sources */,
				1281F8C6299ABB2A00979674 /* PersistenceProvider.swift in Sources */,
				12F85E7D2996808F00FBBB8C /* FavoritesListVC.swift in Sources */,
				12F85E7F2996ADF600FBBB8C /* GFButton.swift in Sources */,
				1274BD4629994A5B003DD3E9 /* GFEmptyStateView.swift in Sources */,
				12B588512999FDDD004790D9 /* GFSecondaryTitleLabel.swift in Sources */,
				123E8307299778EA0006E760 /* UIViewController+Ext.swift in Sources */,
				12F85E7B2996804A00FBBB8C /* SearchVC.swift in Sources */,
				1259F6222997C30300C8F2F0 /* FollowerCell.swift in Sources */,
				1259F6242997C35F00C8F2F0 /* GFAvatarImageView.swift in Sources */,
				12B6E79B299B4BB90003615D /* FavoriteCell.swift in Sources */,
				1282CC56299A504B0065EA97 /* GFRepoItemVC.swift in Sources */,
				1259F61929978CA200C8F2F0 /* User.swift in Sources */,
				12DB76F329996A1D0091C024 /* UserInfoVC.swift in Sources */,
				123E8305299773A90006E760 /* GFAlertVC.swift in Sources */,
				1259F61729978C0A00C8F2F0 /* Follower.swift in Sources */,
				12B6E7A0299BA54B0003615D /* GFDataLoadingVC.swift in Sources */,
				123E83032997731A0006E760 /* GFBodyLabel.swift in Sources */,
				123E8301299771B00006E760 /* GFTitleLabel.swift in Sources */,
				1282CC54299A4DDB0065EA97 /* GFItemInfoVC.swift in Sources */,
				1282CC58299A51DD0065EA97 /* GFFollowerItemVC.swift in Sources */,
				12AA89CE2996C11900C4E62A /* FollowerListVC.swift in Sources */,
				12C938CC2998C57D001C2651 /* UIHelper.swift in Sources */,
				1282CC5B299A744D0065EA97 /* Date+Ext.swift in Sources */,
				12F85E67299668DB00FBBB8C /* AppDelegate.swift in Sources */,
				12F85E69299668DB00FBBB8C /* SceneDelegate.swift in Sources */,
				1282CC52299A41BE0065EA97 /* GFItemInfoView.swift in Sources */,
				1259F61C2997903700C8F2F0 /* NetworkProvider.swift in Sources */,
				12B58853299A0435004790D9 /* Constants.swift in Sources */,
				12B6E79E299B5A130003615D /* GFTabBarController.swift in Sources */,
			);
			runOnlyForDeploymentPostprocessing = 0;
		};
/* End PBXSourcesBuildPhase section */

/* Begin PBXVariantGroup section */
		12F85E71299668DC00FBBB8C /* LaunchScreen.storyboard */ = {
			isa = PBXVariantGroup;
			children = (
				12F85E72299668DC00FBBB8C /* Base */,
			);
			name = LaunchScreen.storyboard;
			sourceTree = "<group>";
		};
/* End PBXVariantGroup section */

/* Begin XCBuildConfiguration section */
		12F85E75299668DC00FBBB8C /* Debug */ = {
			isa = XCBuildConfiguration;
			buildSettings = {
				ALWAYS_SEARCH_USER_PATHS = NO;
				CLANG_ANALYZER_NONNULL = YES;
				CLANG_ANALYZER_NUMBER_OBJECT_CONVERSION = YES_AGGRESSIVE;
				CLANG_CXX_LANGUAGE_STANDARD = "gnu++20";
				CLANG_ENABLE_MODULES = YES;
				CLANG_ENABLE_OBJC_ARC = YES;
				CLANG_ENABLE_OBJC_WEAK = YES;
				CLANG_WARN_BLOCK_CAPTURE_AUTORELEASING = YES;
				CLANG_WARN_BOOL_CONVERSION = YES;
				CLANG_WARN_COMMA = YES;
				CLANG_WARN_CONSTANT_CONVERSION = YES;
				CLANG_WARN_DEPRECATED_OBJC_IMPLEMENTATIONS = YES;
				CLANG_WARN_DIRECT_OBJC_ISA_USAGE = YES_ERROR;
				CLANG_WARN_DOCUMENTATION_COMMENTS = YES;
				CLANG_WARN_EMPTY_BODY = YES;
				CLANG_WARN_ENUM_CONVERSION = YES;
				CLANG_WARN_INFINITE_RECURSION = YES;
				CLANG_WARN_INT_CONVERSION = YES;
				CLANG_WARN_NON_LITERAL_NULL_CONVERSION = YES;
				CLANG_WARN_OBJC_IMPLICIT_RETAIN_SELF = YES;
				CLANG_WARN_OBJC_LITERAL_CONVERSION = YES;
				CLANG_WARN_OBJC_ROOT_CLASS = YES_ERROR;
				CLANG_WARN_QUOTED_INCLUDE_IN_FRAMEWORK_HEADER = YES;
				CLANG_WARN_RANGE_LOOP_ANALYSIS = YES;
				CLANG_WARN_STRICT_PROTOTYPES = YES;
				CLANG_WARN_SUSPICIOUS_MOVE = YES;
				CLANG_WARN_UNGUARDED_AVAILABILITY = YES_AGGRESSIVE;
				CLANG_WARN_UNREACHABLE_CODE = YES;
				CLANG_WARN__DUPLICATE_METHOD_MATCH = YES;
				COPY_PHASE_STRIP = NO;
				DEBUG_INFORMATION_FORMAT = dwarf;
				ENABLE_STRICT_OBJC_MSGSEND = YES;
				ENABLE_TESTABILITY = YES;
				GCC_C_LANGUAGE_STANDARD = gnu11;
				GCC_DYNAMIC_NO_PIC = NO;
				GCC_NO_COMMON_BLOCKS = YES;
				GCC_OPTIMIZATION_LEVEL = 0;
				GCC_PREPROCESSOR_DEFINITIONS = (
					"DEBUG=1",
					"$(inherited)",
				);
				GCC_WARN_64_TO_32_BIT_CONVERSION = YES;
				GCC_WARN_ABOUT_RETURN_TYPE = YES_ERROR;
				GCC_WARN_UNDECLARED_SELECTOR = YES;
				GCC_WARN_UNINITIALIZED_AUTOS = YES_AGGRESSIVE;
				GCC_WARN_UNUSED_FUNCTION = YES;
				GCC_WARN_UNUSED_VARIABLE = YES;
				IPHONEOS_DEPLOYMENT_TARGET = 16.2;
				MTL_ENABLE_DEBUG_INFO = INCLUDE_SOURCE;
				MTL_FAST_MATH = YES;
				ONLY_ACTIVE_ARCH = YES;
				SDKROOT = iphoneos;
				SWIFT_ACTIVE_COMPILATION_CONDITIONS = DEBUG;
				SWIFT_OPTIMIZATION_LEVEL = "-Onone";
			};
			name = Debug;
		};
		12F85E76299668DC00FBBB8C /* Release */ = {
			isa = XCBuildConfiguration;
			buildSettings = {
				ALWAYS_SEARCH_USER_PATHS = NO;
				CLANG_ANALYZER_NONNULL = YES;
				CLANG_ANALYZER_NUMBER_OBJECT_CONVERSION = YES_AGGRESSIVE;
				CLANG_CXX_LANGUAGE_STANDARD = "gnu++20";
				CLANG_ENABLE_MODULES = YES;
				CLANG_ENABLE_OBJC_ARC = YES;
				CLANG_ENABLE_OBJC_WEAK = YES;
				CLANG_WARN_BLOCK_CAPTURE_AUTORELEASING = YES;
				CLANG_WARN_BOOL_CONVERSION = YES;
				CLANG_WARN_COMMA = YES;
				CLANG_WARN_CONSTANT_CONVERSION = YES;
				CLANG_WARN_DEPRECATED_OBJC_IMPLEMENTATIONS = YES;
				CLANG_WARN_DIRECT_OBJC_ISA_USAGE = YES_ERROR;
				CLANG_WARN_DOCUMENTATION_COMMENTS = YES;
				CLANG_WARN_EMPTY_BODY = YES;
				CLANG_WARN_ENUM_CONVERSION = YES;
				CLANG_WARN_INFINITE_RECURSION = YES;
				CLANG_WARN_INT_CONVERSION = YES;
				CLANG_WARN_NON_LITERAL_NULL_CONVERSION = YES;
				CLANG_WARN_OBJC_IMPLICIT_RETAIN_SELF = YES;
				CLANG_WARN_OBJC_LITERAL_CONVERSION = YES;
				CLANG_WARN_OBJC_ROOT_CLASS = YES_ERROR;
				CLANG_WARN_QUOTED_INCLUDE_IN_FRAMEWORK_HEADER = YES;
				CLANG_WARN_RANGE_LOOP_ANALYSIS = YES;
				CLANG_WARN_STRICT_PROTOTYPES = YES;
				CLANG_WARN_SUSPICIOUS_MOVE = YES;
				CLANG_WARN_UNGUARDED_AVAILABILITY = YES_AGGRESSIVE;
				CLANG_WARN_UNREACHABLE_CODE = YES;
				CLANG_WARN__DUPLICATE_METHOD_MATCH = YES;
				COPY_PHASE_STRIP = NO;
				DEBUG_INFORMATION_FORMAT = "dwarf-with-dsym";
				ENABLE_NS_ASSERTIONS = NO;
				ENABLE_STRICT_OBJC_MSGSEND = YES;
				GCC_C_LANGUAGE_STANDARD = gnu11;
				GCC_NO_COMMON_BLOCKS = YES;
				GCC_WARN_64_TO_32_BIT_CONVERSION = YES;
				GCC_WARN_ABOUT_RETURN_TYPE = YES_ERROR;
				GCC_WARN_UNDECLARED_SELECTOR = YES;
				GCC_WARN_UNINITIALIZED_AUTOS = YES_AGGRESSIVE;
				GCC_WARN_UNUSED_FUNCTION = YES;
				GCC_WARN_UNUSED_VARIABLE = YES;
				IPHONEOS_DEPLOYMENT_TARGET = 16.2;
				MTL_ENABLE_DEBUG_INFO = NO;
				MTL_FAST_MATH = YES;
				SDKROOT = iphoneos;
				SWIFT_COMPILATION_MODE = wholemodule;
				SWIFT_OPTIMIZATION_LEVEL = "-O";
				VALIDATE_PRODUCT = YES;
			};
			name = Release;
		};
		12F85E78299668DC00FBBB8C /* Debug */ = {
			isa = XCBuildConfiguration;
			buildSettings = {
				ASSETCATALOG_COMPILER_APPICON_NAME = AppIcon;
				ASSETCATALOG_COMPILER_GLOBAL_ACCENT_COLOR_NAME = AccentColor;
				CODE_SIGN_STYLE = Automatic;
				CURRENT_PROJECT_VERSION = 1;
				DEVELOPMENT_TEAM = DX3TWD8RW8;
				GENERATE_INFOPLIST_FILE = YES;
				INFOPLIST_FILE = GHFollowers/Info.plist;
				INFOPLIST_KEY_UIApplicationSupportsIndirectInputEvents = YES;
				INFOPLIST_KEY_UILaunchStoryboardName = LaunchScreen;
				INFOPLIST_KEY_UISupportedInterfaceOrientations = UIInterfaceOrientationPortrait;
				INFOPLIST_KEY_UISupportedInterfaceOrientations_iPad = "UIInterfaceOrientationLandscapeLeft UIInterfaceOrientationLandscapeRight UIInterfaceOrientationPortrait UIInterfaceOrientationPortraitUpsideDown";
				LD_RUNPATH_SEARCH_PATHS = (
					"$(inherited)",
					"@executable_path/Frameworks",
				);
				MARKETING_VERSION = 1.0;
				PRODUCT_BUNDLE_IDENTIFIER = me.karlisberzins.GHFollowers;
				PRODUCT_NAME = "$(TARGET_NAME)";
				SUPPORTED_PLATFORMS = "iphoneos iphonesimulator";
				SUPPORTS_MACCATALYST = NO;
				SUPPORTS_MAC_DESIGNED_FOR_IPHONE_IPAD = NO;
				SWIFT_EMIT_LOC_STRINGS = YES;
				SWIFT_VERSION = 5.0;
				TARGETED_DEVICE_FAMILY = 1;
			};
			name = Debug;
		};
		12F85E79299668DC00FBBB8C /* Release */ = {
			isa = XCBuildConfiguration;
			buildSettings = {
				ASSETCATALOG_COMPILER_APPICON_NAME = AppIcon;
				ASSETCATALOG_COMPILER_GLOBAL_ACCENT_COLOR_NAME = AccentColor;
				CODE_SIGN_STYLE = Automatic;
				CURRENT_PROJECT_VERSION = 1;
				DEVELOPMENT_TEAM = DX3TWD8RW8;
				GENERATE_INFOPLIST_FILE = YES;
				INFOPLIST_FILE = GHFollowers/Info.plist;
				INFOPLIST_KEY_UIApplicationSupportsIndirectInputEvents = YES;
				INFOPLIST_KEY_UILaunchStoryboardName = LaunchScreen;
				INFOPLIST_KEY_UISupportedInterfaceOrientations = UIInterfaceOrientationPortrait;
				INFOPLIST_KEY_UISupportedInterfaceOrientations_iPad = "UIInterfaceOrientationLandscapeLeft UIInterfaceOrientationLandscapeRight UIInterfaceOrientationPortrait UIInterfaceOrientationPortraitUpsideDown";
				LD_RUNPATH_SEARCH_PATHS = (
					"$(inherited)",
					"@executable_path/Frameworks",
				);
				MARKETING_VERSION = 1.0;
				PRODUCT_BUNDLE_IDENTIFIER = me.karlisberzins.GHFollowers;
				PRODUCT_NAME = "$(TARGET_NAME)";
				SUPPORTED_PLATFORMS = "iphoneos iphonesimulator";
				SUPPORTS_MACCATALYST = NO;
				SUPPORTS_MAC_DESIGNED_FOR_IPHONE_IPAD = NO;
				SWIFT_EMIT_LOC_STRINGS = YES;
				SWIFT_VERSION = 5.0;
				TARGETED_DEVICE_FAMILY = 1;
			};
			name = Release;
		};
/* End XCBuildConfiguration section */

/* Begin XCConfigurationList section */
		12F85E5E299668DB00FBBB8C /* Build configuration list for PBXProject "GHFollowers" */ = {
			isa = XCConfigurationList;
			buildConfigurations = (
				12F85E75299668DC00FBBB8C /* Debug */,
				12F85E76299668DC00FBBB8C /* Release */,
			);
			defaultConfigurationIsVisible = 0;
			defaultConfigurationName = Release;
		};
		12F85E77299668DC00FBBB8C /* Build configuration list for PBXNativeTarget "GHFollowers" */ = {
			isa = XCConfigurationList;
			buildConfigurations = (
				12F85E78299668DC00FBBB8C /* Debug */,
				12F85E79299668DC00FBBB8C /* Release */,
			);
			defaultConfigurationIsVisible = 0;
			defaultConfigurationName = Release;
		};
/* End XCConfigurationList section */
	};
	rootObject = 12F85E5B299668DB00FBBB8C /* Project object */;
}
